// !$*UTF8*$!
{
	archiveVersion = 1;
	classes = {
	};
	objectVersion = 46;
	objects = {

/* Begin PBXBuildFile section */
		6E1666C31D0E8AFD00A42760 /* AppDelegate.swift in Sources */ = {isa = PBXBuildFile; fileRef = 6E1666C21D0E8AFD00A42760 /* AppDelegate.swift */; };
		6E1666C51D0E8AFD00A42760 /* ViewController.swift in Sources */ = {isa = PBXBuildFile; fileRef = 6E1666C41D0E8AFD00A42760 /* ViewController.swift */; };
		6E1666C81D0E8AFE00A42760 /* Main.storyboard in Resources */ = {isa = PBXBuildFile; fileRef = 6E1666C61D0E8AFE00A42760 /* Main.storyboard */; };
		6E1666CA1D0E8AFE00A42760 /* Assets.xcassets in Resources */ = {isa = PBXBuildFile; fileRef = 6E1666C91D0E8AFE00A42760 /* Assets.xcassets */; };
		6E1666CD1D0E8AFE00A42760 /* LaunchScreen.storyboard in Resources */ = {isa = PBXBuildFile; fileRef = 6E1666CB1D0E8AFE00A42760 /* LaunchScreen.storyboard */; };
		6E1666D81D0E8AFE00A42760 /* DutchHawaiiTests.swift in Sources */ = {isa = PBXBuildFile; fileRef = 6E1666D71D0E8AFE00A42760 /* DutchHawaiiTests.swift */; };
		6E1666E31D0E8AFE00A42760 /* DutchHawaiiUITests.swift in Sources */ = {isa = PBXBuildFile; fileRef = 6E1666E21D0E8AFE00A42760 /* DutchHawaiiUITests.swift */; };
/* End PBXBuildFile section */

/* Begin PBXContainerItemProxy section */
		6E1666D41D0E8AFE00A42760 /* PBXContainerItemProxy */ = {
			isa = PBXContainerItemProxy;
			containerPortal = 6E1666B71D0E8AFD00A42760 /* Project object */;
			proxyType = 1;
			remoteGlobalIDString = 6E1666BE1D0E8AFD00A42760;
			remoteInfo = DutchHawaii;
		};
		6E1666DF1D0E8AFE00A42760 /* PBXContainerItemProxy */ = {
			isa = PBXContainerItemProxy;
			containerPortal = 6E1666B71D0E8AFD00A42760 /* Project object */;
			proxyType = 1;
			remoteGlobalIDString = 6E1666BE1D0E8AFD00A42760;
			remoteInfo = DutchHawaii;
		};
/* End PBXContainerItemProxy section */

/* Begin PBXFileReference section */
		6E1666BF1D0E8AFD00A42760 /* DutchHawaii.app */ = {isa = PBXFileReference; explicitFileType = wrapper.application; includeInIndex = 0; path = DutchHawaii.app; sourceTree = BUILT_PRODUCTS_DIR; };
		6E1666C21D0E8AFD00A42760 /* AppDelegate.swift */ = {isa = PBXFileReference; lastKnownFileType = sourcecode.swift; path = AppDelegate.swift; sourceTree = "<group>"; };
		6E1666C41D0E8AFD00A42760 /* ViewController.swift */ = {isa = PBXFileReference; lastKnownFileType = sourcecode.swift; path = ViewController.swift; sourceTree = "<group>"; };
		6E1666C71D0E8AFE00A42760 /* Base */ = {isa = PBXFileReference; lastKnownFileType = file.storyboard; name = Base; path = Base.lproj/Main.storyboard; sourceTree = "<group>"; };
		6E1666C91D0E8AFE00A42760 /* Assets.xcassets */ = {isa = PBXFileReference; lastKnownFileType = folder.assetcatalog; path = Assets.xcassets; sourceTree = "<group>"; };
		6E1666CC1D0E8AFE00A42760 /* Base */ = {isa = PBXFileReference; lastKnownFileType = file.storyboard; name = Base; path = Base.lproj/LaunchScreen.storyboard; sourceTree = "<group>"; };
		6E1666CE1D0E8AFE00A42760 /* Info.plist */ = {isa = PBXFileReference; lastKnownFileType = text.plist.xml; path = Info.plist; sourceTree = "<group>"; };
		6E1666D31D0E8AFE00A42760 /* DutchHawaiiTests.xctest */ = {isa = PBXFileReference; explicitFileType = wrapper.cfbundle; includeInIndex = 0; path = DutchHawaiiTests.xctest; sourceTree = BUILT_PRODUCTS_DIR; };
		6E1666D71D0E8AFE00A42760 /* DutchHawaiiTests.swift */ = {isa = PBXFileReference; lastKnownFileType = sourcecode.swift; path = DutchHawaiiTests.swift; sourceTree = "<group>"; };
		6E1666D91D0E8AFE00A42760 /* Info.plist */ = {isa = PBXFileReference; lastKnownFileType = text.plist.xml; path = Info.plist; sourceTree = "<group>"; };
		6E1666DE1D0E8AFE00A42760 /* DutchHawaiiUITests.xctest */ = {isa = PBXFileReference; explicitFileType = wrapper.cfbundle; includeInIndex = 0; path = DutchHawaiiUITests.xctest; sourceTree = BUILT_PRODUCTS_DIR; };
		6E1666E21D0E8AFE00A42760 /* DutchHawaiiUITests.swift */ = {isa = PBXFileReference; lastKnownFileType = sourcecode.swift; path = DutchHawaiiUITests.swift; sourceTree = "<group>"; };
		6E1666E41D0E8AFE00A42760 /* Info.plist */ = {isa = PBXFileReference; lastKnownFileType = text.plist.xml; path = Info.plist; sourceTree = "<group>"; };
/* End PBXFileReference section */

/* Begin PBXFrameworksBuildPhase section */
		6E1666BC1D0E8AFD00A42760 /* Frameworks */ = {
			isa = PBXFrameworksBuildPhase;
			buildActionMask = 2147483647;
			files = (
			);
			runOnlyForDeploymentPostprocessing = 0;
		};
		6E1666D01D0E8AFE00A42760 /* Frameworks */ = {
			isa = PBXFrameworksBuildPhase;
			buildActionMask = 2147483647;
			files = (
			);
			runOnlyForDeploymentPostprocessing = 0;
		};
		6E1666DB1D0E8AFE00A42760 /* Frameworks */ = {
			isa = PBXFrameworksBuildPhase;
			buildActionMask = 2147483647;
			files = (
			);
			runOnlyForDeploymentPostprocessing = 0;
		};
/* End PBXFrameworksBuildPhase section */

/* Begin PBXGroup section */
		6E1666B61D0E8AFD00A42760 = {
			isa = PBXGroup;
			children = (
				6E1666C11D0E8AFD00A42760 /* DutchHawaii */,
				6E1666D61D0E8AFE00A42760 /* DutchHawaiiTests */,
				6E1666E11D0E8AFE00A42760 /* DutchHawaiiUITests */,
				6E1666C01D0E8AFD00A42760 /* Products */,
			);
			sourceTree = "<group>";
		};
		6E1666C01D0E8AFD00A42760 /* Products */ = {
			isa = PBXGroup;
			children = (
				6E1666BF1D0E8AFD00A42760 /* DutchHawaii.app */,
				6E1666D31D0E8AFE00A42760 /* DutchHawaiiTests.xctest */,
				6E1666DE1D0E8AFE00A42760 /* DutchHawaiiUITests.xctest */,
			);
			name = Products;
			sourceTree = "<group>";
		};
		6E1666C11D0E8AFD00A42760 /* DutchHawaii */ = {
			isa = PBXGroup;
			children = (
				6E1666C21D0E8AFD00A42760 /* AppDelegate.swift */,
				6E1666C41D0E8AFD00A42760 /* ViewController.swift */,
				6E1666C61D0E8AFE00A42760 /* Main.storyboard */,
				6E1666C91D0E8AFE00A42760 /* Assets.xcassets */,
				6E1666CB1D0E8AFE00A42760 /* LaunchScreen.storyboard */,
				6E1666CE1D0E8AFE00A42760 /* Info.plist */,
			);
			path = DutchHawaii;
			sourceTree = "<group>";
		};
		6E1666D61D0E8AFE00A42760 /* DutchHawaiiTests */ = {
			isa = PBXGroup;
			children = (
				6E1666D71D0E8AFE00A42760 /* DutchHawaiiTests.swift */,
				6E1666D91D0E8AFE00A42760 /* Info.plist */,
			);
			path = DutchHawaiiTests;
			sourceTree = "<group>";
		};
		6E1666E11D0E8AFE00A42760 /* DutchHawaiiUITests */ = {
			isa = PBXGroup;
			children = (
				6E1666E21D0E8AFE00A42760 /* DutchHawaiiUITests.swift */,
				6E1666E41D0E8AFE00A42760 /* Info.plist */,
			);
			path = DutchHawaiiUITests;
			sourceTree = "<group>";
		};
/* End PBXGroup section */

/* Begin PBXNativeTarget section */
		6E1666BE1D0E8AFD00A42760 /* DutchHawaii */ = {
			isa = PBXNativeTarget;
			buildConfigurationList = 6E1666E71D0E8AFE00A42760 /* Build configuration list for PBXNativeTarget "DutchHawaii" */;
			buildPhases = (
				6E1666BB1D0E8AFD00A42760 /* Sources */,
				6E1666BC1D0E8AFD00A42760 /* Frameworks */,
				6E1666BD1D0E8AFD00A42760 /* Resources */,
			);
			buildRules = (
			);
			dependencies = (
			);
			name = DutchHawaii;
			productName = DutchHawaii;
			productReference = 6E1666BF1D0E8AFD00A42760 /* DutchHawaii.app */;
			productType = "com.apple.product-type.application";
		};
		6E1666D21D0E8AFE00A42760 /* DutchHawaiiTests */ = {
			isa = PBXNativeTarget;
			buildConfigurationList = 6E1666EA1D0E8AFE00A42760 /* Build configuration list for PBXNativeTarget "DutchHawaiiTests" */;
			buildPhases = (
				6E1666CF1D0E8AFE00A42760 /* Sources */,
				6E1666D01D0E8AFE00A42760 /* Frameworks */,
				6E1666D11D0E8AFE00A42760 /* Resources */,
			);
			buildRules = (
			);
			dependencies = (
				6E1666D51D0E8AFE00A42760 /* PBXTargetDependency */,
			);
			name = DutchHawaiiTests;
			productName = DutchHawaiiTests;
			productReference = 6E1666D31D0E8AFE00A42760 /* DutchHawaiiTests.xctest */;
			productType = "com.apple.product-type.bundle.unit-test";
		};
		6E1666DD1D0E8AFE00A42760 /* DutchHawaiiUITests */ = {
			isa = PBXNativeTarget;
			buildConfigurationList = 6E1666ED1D0E8AFE00A42760 /* Build configuration list for PBXNativeTarget "DutchHawaiiUITests" */;
			buildPhases = (
				6E1666DA1D0E8AFE00A42760 /* Sources */,
				6E1666DB1D0E8AFE00A42760 /* Frameworks */,
				6E1666DC1D0E8AFE00A42760 /* Resources */,
			);
			buildRules = (
			);
			dependencies = (
				6E1666E01D0E8AFE00A42760 /* PBXTargetDependency */,
			);
			name = DutchHawaiiUITests;
			productName = DutchHawaiiUITests;
			productReference = 6E1666DE1D0E8AFE00A42760 /* DutchHawaiiUITests.xctest */;
			productType = "com.apple.product-type.bundle.ui-testing";
		};
/* End PBXNativeTarget section */

/* Begin PBXProject section */
		6E1666B71D0E8AFD00A42760 /* Project object */ = {
			isa = PBXProject;
			attributes = {
				LastUpgradeCheck = 0700;
				ORGANIZATIONNAME = "James Lu";
				TargetAttributes = {
					6E1666BE1D0E8AFD00A42760 = {
						CreatedOnToolsVersion = 7.0.1;
					};
					6E1666D21D0E8AFE00A42760 = {
						CreatedOnToolsVersion = 7.0.1;
						TestTargetID = 6E1666BE1D0E8AFD00A42760;
					};
					6E1666DD1D0E8AFE00A42760 = {
						CreatedOnToolsVersion = 7.0.1;
						TestTargetID = 6E1666BE1D0E8AFD00A42760;
					};
				};
			};
			buildConfigurationList = 6E1666BA1D0E8AFD00A42760 /* Build configuration list for PBXProject "DutchHawaii" */;
			compatibilityVersion = "Xcode 3.2";
			developmentRegion = English;
			hasScannedForEncodings = 0;
			knownRegions = (
				en,
				Base,
			);
			mainGroup = 6E1666B61D0E8AFD00A42760;
			productRefGroup = 6E1666C01D0E8AFD00A42760 /* Products */;
			projectDirPath = "";
			projectRoot = "";
			targets = (
				6E1666BE1D0E8AFD00A42760 /* DutchHawaii */,
				6E1666D21D0E8AFE00A42760 /* DutchHawaiiTests */,
				6E1666DD1D0E8AFE00A42760 /* DutchHawaiiUITests */,
			);
		};
/* End PBXProject section */

/* Begin PBXResourcesBuildPhase section */
		6E1666BD1D0E8AFD00A42760 /* Resources */ = {
			isa = PBXResourcesBuildPhase;
			buildActionMask = 2147483647;
			files = (
				6E1666CD1D0E8AFE00A42760 /* LaunchScreen.storyboard in Resources */,
				6E1666CA1D0E8AFE00A42760 /* Assets.xcassets in Resources */,
				6E1666C81D0E8AFE00A42760 /* Main.storyboard in Resources */,
			);
			runOnlyForDeploymentPostprocessing = 0;
		};
		6E1666D11D0E8AFE00A42760 /* Resources */ = {
			isa = PBXResourcesBuildPhase;
			buildActionMask = 2147483647;
			files = (
			);
			runOnlyForDeploymentPostprocessing = 0;
		};
		6E1666DC1D0E8AFE00A42760 /* Resources */ = {
			isa = PBXResourcesBuildPhase;
			buildActionMask = 2147483647;
			files = (
			);
			runOnlyForDeploymentPostprocessing = 0;
		};
/* End PBXResourcesBuildPhase section */

/* Begin PBXSourcesBuildPhase section */
		6E1666BB1D0E8AFD00A42760 /* Sources */ = {
			isa = PBXSourcesBuildPhase;
			buildActionMask = 2147483647;
			files = (
				6E1666C51D0E8AFD00A42760 /* ViewController.swift in Sources */,
				6E1666C31D0E8AFD00A42760 /* AppDelegate.swift in Sources */,
			);
			runOnlyForDeploymentPostprocessing = 0;
		};
		6E1666CF1D0E8AFE00A42760 /* Sources */ = {
			isa = PBXSourcesBuildPhase;
			buildActionMask = 2147483647;
			files = (
				6E1666D81D0E8AFE00A42760 /* DutchHawaiiTests.swift in Sources */,
			);
			runOnlyForDeploymentPostprocessing = 0;
		};
		6E1666DA1D0E8AFE00A42760 /* Sources */ = {
			isa = PBXSourcesBuildPhase;
			buildActionMask = 2147483647;
			files = (
				6E1666E31D0E8AFE00A42760 /* DutchHawaiiUITests.swift in Sources */,
			);
			runOnlyForDeploymentPostprocessing = 0;
		};
/* End PBXSourcesBuildPhase section */

/* Begin PBXTargetDependency section */
		6E1666D51D0E8AFE00A42760 /* PBXTargetDependency */ = {
			isa = PBXTargetDependency;
			target = 6E1666BE1D0E8AFD00A42760 /* DutchHawaii */;
			targetProxy = 6E1666D41D0E8AFE00A42760 /* PBXContainerItemProxy */;
		};
		6E1666E01D0E8AFE00A42760 /* PBXTargetDependency */ = {
			isa = PBXTargetDependency;
			target = 6E1666BE1D0E8AFD00A42760 /* DutchHawaii */;
			targetProxy = 6E1666DF1D0E8AFE00A42760 /* PBXContainerItemProxy */;
		};
/* End PBXTargetDependency section */

/* Begin PBXVariantGroup section */
		6E1666C61D0E8AFE00A42760 /* Main.storyboard */ = {
			isa = PBXVariantGroup;
			children = (
				6E1666C71D0E8AFE00A42760 /* Base */,
			);
			name = Main.storyboard;
			sourceTree = "<group>";
		};
		6E1666CB1D0E8AFE00A42760 /* LaunchScreen.storyboard */ = {
			isa = PBXVariantGroup;
			children = (
				6E1666CC1D0E8AFE00A42760 /* Base */,
			);
			name = LaunchScreen.storyboard;
			sourceTree = "<group>";
		};
/* End PBXVariantGroup section */

/* Begin XCBuildConfiguration section */
		6E1666E51D0E8AFE00A42760 /* Debug */ = {
			isa = XCBuildConfiguration;
			buildSettings = {
				ALWAYS_SEARCH_USER_PATHS = NO;
				CLANG_CXX_LANGUAGE_STANDARD = "gnu++0x";
				CLANG_CXX_LIBRARY = "libc++";
				CLANG_ENABLE_MODULES = YES;
				CLANG_ENABLE_OBJC_ARC = YES;
				CLANG_WARN_BOOL_CONVERSION = YES;
				CLANG_WARN_CONSTANT_CONVERSION = YES;
				CLANG_WARN_DIRECT_OBJC_ISA_USAGE = YES_ERROR;
				CLANG_WARN_EMPTY_BODY = YES;
				CLANG_WARN_ENUM_CONVERSION = YES;
				CLANG_WARN_INT_CONVERSION = YES;
				CLANG_WARN_OBJC_ROOT_CLASS = YES_ERROR;
				CLANG_WARN_UNREACHABLE_CODE = YES;
				CLANG_WARN__DUPLICATE_METHOD_MATCH = YES;
				"CODE_SIGN_IDENTITY[sdk=iphoneos*]" = "iPhone Developer";
				COPY_PHASE_STRIP = NO;
				DEBUG_INFORMATION_FORMAT = dwarf;
				ENABLE_STRICT_OBJC_MSGSEND = YES;
				ENABLE_TESTABILITY = YES;
				GCC_C_LANGUAGE_STANDARD = gnu99;
				GCC_DYNAMIC_NO_PIC = NO;
				GCC_NO_COMMON_BLOCKS = YES;
				GCC_OPTIMIZATION_LEVEL = 0;
				GCC_PREPROCESSOR_DEFINITIONS = (
					"DEBUG=1",
					"$(inherited)",
				);
				GCC_WARN_64_TO_32_BIT_CONVERSION = YES;
				GCC_WARN_ABOUT_RETURN_TYPE = YES_ERROR;
				GCC_WARN_UNDECLARED_SELECTOR = YES;
				GCC_WARN_UNINITIALIZED_AUTOS = YES_AGGRESSIVE;
				GCC_WARN_UNUSED_FUNCTION = YES;
				GCC_WARN_UNUSED_VARIABLE = YES;
				IPHONEOS_DEPLOYMENT_TARGET = 9.0;
				MTL_ENABLE_DEBUG_INFO = YES;
				ONLY_ACTIVE_ARCH = YES;
				SDKROOT = iphoneos;
				SWIFT_OPTIMIZATION_LEVEL = "-Onone";
				TARGETED_DEVICE_FAMILY = "1,2";
			};
			name = Debug;
		};
		6E1666E61D0E8AFE00A42760 /* Release */ = {
			isa = XCBuildConfiguration;
			buildSettings = {
				ALWAYS_SEARCH_USER_PATHS = NO;
				CLANG_CXX_LANGUAGE_STANDARD = "gnu++0x";
				CLANG_CXX_LIBRARY = "libc++";
				CLANG_ENABLE_MODULES = YES;
				CLANG_ENABLE_OBJC_ARC = YES;
				CLANG_WARN_BOOL_CONVERSION = YES;
				CLANG_WARN_CONSTANT_CONVERSION = YES;
				CLANG_WARN_DIRECT_OBJC_ISA_USAGE = YES_ERROR;
				CLANG_WARN_EMPTY_BODY = YES;
				CLANG_WARN_ENUM_CONVERSION = YES;
				CLANG_WARN_INT_CONVERSION = YES;
				CLANG_WARN_OBJC_ROOT_CLASS = YES_ERROR;
				CLANG_WARN_UNREACHABLE_CODE = YES;
				CLANG_WARN__DUPLICATE_METHOD_MATCH = YES;
				"CODE_SIGN_IDENTITY[sdk=iphoneos*]" = "iPhone Developer";
				COPY_PHASE_STRIP = NO;
				DEBUG_INFORMATION_FORMAT = "dwarf-with-dsym";
				ENABLE_NS_ASSERTIONS = NO;
				ENABLE_STRICT_OBJC_MSGSEND = YES;
				GCC_C_LANGUAGE_STANDARD = gnu99;
				GCC_NO_COMMON_BLOCKS = YES;
				GCC_WARN_64_TO_32_BIT_CONVERSION = YES;
				GCC_WARN_ABOUT_RETURN_TYPE = YES_ERROR;
				GCC_WARN_UNDECLARED_SELECTOR = YES;
				GCC_WARN_UNINITIALIZED_AUTOS = YES_AGGRESSIVE;
				GCC_WARN_UNUSED_FUNCTION = YES;
				GCC_WARN_UNUSED_VARIABLE = YES;
				IPHONEOS_DEPLOYMENT_TARGET = 9.0;
				MTL_ENABLE_DEBUG_INFO = NO;
				SDKROOT = iphoneos;
				TARGETED_DEVICE_FAMILY = "1,2";
				VALIDATE_PRODUCT = YES;
			};
			name = Release;
		};
		6E1666E81D0E8AFE00A42760 /* Debug */ = {
			isa = XCBuildConfiguration;
			buildSettings = {
				ASSETCATALOG_COMPILER_APPICON_NAME = AppIcon;
				INFOPLIST_FILE = DutchHawaii/Info.plist;
				LD_RUNPATH_SEARCH_PATHS = "$(inherited) @executable_path/Frameworks";
				PRODUCT_BUNDLE_IDENTIFIER = JamieJames.DutchHawaii;
				PRODUCT_NAME = "$(TARGET_NAME)";
			};
			name = Debug;
		};
		6E1666E91D0E8AFE00A42760 /* Release */ = {
			isa = XCBuildConfiguration;
			buildSettings = {
				ASSETCATALOG_COMPILER_APPICON_NAME = AppIcon;
				INFOPLIST_FILE = DutchHawaii/Info.plist;
				LD_RUNPATH_SEARCH_PATHS = "$(inherited) @executable_path/Frameworks";
				PRODUCT_BUNDLE_IDENTIFIER = JamieJames.DutchHawaii;
				PRODUCT_NAME = "$(TARGET_NAME)";
			};
			name = Release;
		};
		6E1666EB1D0E8AFE00A42760 /* Debug */ = {
			isa = XCBuildConfiguration;
			buildSettings = {
				BUNDLE_LOADER = "$(TEST_HOST)";
				INFOPLIST_FILE = DutchHawaiiTests/Info.plist;
				LD_RUNPATH_SEARCH_PATHS = "$(inherited) @executable_path/Frameworks @loader_path/Frameworks";
				PRODUCT_BUNDLE_IDENTIFIER = JamieJames.DutchHawaiiTests;
				PRODUCT_NAME = "$(TARGET_NAME)";
				TEST_HOST = "$(BUILT_PRODUCTS_DIR)/DutchHawaii.app/DutchHawaii";
			};
			name = Debug;
		};
		6E1666EC1D0E8AFE00A42760 /* Release */ = {
			isa = XCBuildConfiguration;
			buildSettings = {
				BUNDLE_LOADER = "$(TEST_HOST)";
				INFOPLIST_FILE = DutchHawaiiTests/Info.plist;
				LD_RUNPATH_SEARCH_PATHS = "$(inherited) @executable_path/Frameworks @loader_path/Frameworks";
				PRODUCT_BUNDLE_IDENTIFIER = JamieJames.DutchHawaiiTests;
				PRODUCT_NAME = "$(TARGET_NAME)";
				TEST_HOST = "$(BUILT_PRODUCTS_DIR)/DutchHawaii.app/DutchHawaii";
			};
			name = Release;
		};
		6E1666EE1D0E8AFE00A42760 /* Debug */ = {
			isa = XCBuildConfiguration;
			buildSettings = {
				INFOPLIST_FILE = DutchHawaiiUITests/Info.plist;
				LD_RUNPATH_SEARCH_PATHS = "$(inherited) @executable_path/Frameworks @loader_path/Frameworks";
				PRODUCT_BUNDLE_IDENTIFIER = JamieJames.DutchHawaiiUITests;
				PRODUCT_NAME = "$(TARGET_NAME)";
				TEST_TARGET_NAME = DutchHawaii;
				USES_XCTRUNNER = YES;
			};
			name = Debug;
		};
		6E1666EF1D0E8AFE00A42760 /* Release */ = {
			isa = XCBuildConfiguration;
			buildSettings = {
				INFOPLIST_FILE = DutchHawaiiUITests/Info.plist;
				LD_RUNPATH_SEARCH_PATHS = "$(inherited) @executable_path/Frameworks @loader_path/Frameworks";
				PRODUCT_BUNDLE_IDENTIFIER = JamieJames.DutchHawaiiUITests;
				PRODUCT_NAME = "$(TARGET_NAME)";
				TEST_TARGET_NAME = DutchHawaii;
				USES_XCTRUNNER = YES;
			};
			name = Release;
		};
/* End XCBuildConfiguration section */

/* Begin XCConfigurationList section */
		6E1666BA1D0E8AFD00A42760 /* Build configuration list for PBXProject "DutchHawaii" */ = {
			isa = XCConfigurationList;
			buildConfigurations = (
				6E1666E51D0E8AFE00A42760 /* Debug */,
				6E1666E61D0E8AFE00A42760 /* Release */,
			);
			defaultConfigurationIsVisible = 0;
			defaultConfigurationName = Release;
		};
		6E1666E71D0E8AFE00A42760 /* Build configuration list for PBXNativeTarget "DutchHawaii" */ = {
			isa = XCConfigurationList;
			buildConfigurations = (
				6E1666E81D0E8AFE00A42760 /* Debug */,
				6E1666E91D0E8AFE00A42760 /* Release */,
			);
			defaultConfigurationIsVisible = 0;
		};
		6E1666EA1D0E8AFE00A42760 /* Build configuration list for PBXNativeTarget "DutchHawaiiTests" */ = {
			isa = XCConfigurationList;
			buildConfigurations = (
				6E1666EB1D0E8AFE00A42760 /* Debug */,
				6E1666EC1D0E8AFE00A42760 /* Release */,
			);
			defaultConfigurationIsVisible = 0;
		};
		6E1666ED1D0E8AFE00A42760 /* Build configuration list for PBXNativeTarget "DutchHawaiiUITests" */ = {
			isa = XCConfigurationList;
			buildConfigurations = (
				6E1666EE1D0E8AFE00A42760 /* Debug */,
				6E1666EF1D0E8AFE00A42760 /* Release */,
			);
			defaultConfigurationIsVisible = 0;
		};
/* End XCConfigurationList section */
	};
	rootObject = 6E1666B71D0E8AFD00A42760 /* Project object */;
}
